%{"conform": {:hex, :conform, "0.14.4"},
  "earmark": {:hex, :earmark, "0.1.13"},
  "edown": {:git, "git://github.com/dwango/edown.git", "dd1239c1d8669b247ceac83b1654fa55c675d8f3", [branch: "master"]},
  "erlware_commons": {:git, "https://github.com/erlware/erlware_commons.git", "2e23e43079686ddb68bfca772d37f78dfe4dd95e", [branch: "master"]},
  "eunit_formatters": {:git, "git://github.com/seancribbs/eunit_formatters", "2c73eb6e46b0863f19507857b386a48a53aaf141", [branch: "master"]},
  "ex_doc": {:hex, :ex_doc, "0.7.1"},
  "getopt": {:git, "https://github.com/jcomellas/getopt.git", "626698975e63866156159661d100785d65eab6f9", [branch: "master"]},
  "meck": {:git, "git://github.com/eproxus/meck.git", "dde759050eff19a1a80fd854d7375174b191665d", [tag: "0.8.2"]},
  "mustache": {:git, "https://github.com/soranoba/mustache.git", "e5401042c66039eef20ee81abc1537ced1f22bc7", [tag: "v0.3.0"]},
  "neotoma": {:git, "git://github.com/seancribbs/neotoma.git", "6c4a6009d3f34da2ec42c4f3585dae0abbb49dfc", []},
  "providers": {:git, "https://github.com/tsloughter/providers.git", "d565693cbbca3457df34d95c53c47e1faa8cde6c", [tag: "v1.3.0"]},
  "rebar_vsn_plugin": {:git, "https://github.com/erlware/rebar_vsn_plugin.git", "fd40c960c7912193631d948fe962e1162a8d1334", [branch: "master"]},
  "reloader": {:git, "git://github.com/sile/reloader.git", "ab13271c015f73a52ab5d01d989f5ea110c272d8", [branch: "master"]},
  "relx": {:git, "git://github.com/erlware/relx.git", "d7d18d2f88ea9a6597f6d45bc110e2f247b4ef57", []}}
