%{"bbmustache": {:hex, :bbmustache, "1.0.1"},
  "conform": {:hex, :conform, "0.14.4"},
  "earmark": {:hex, :earmark, "0.1.13"},
  "edown": {:git, "git://github.com/dwango/edown.git", "dd1239c1d8669b247ceac83b1654fa55c675d8f3", [branch: "master"]},
  "erlware_commons": {:hex, :erlware_commons, "0.13.0"},
  "eunit_formatters": {:git, "git://github.com/seancribbs/eunit_formatters", "2c73eb6e46b0863f19507857b386a48a53aaf141", [branch: "master"]},
  "ex_doc": {:hex, :ex_doc, "0.7.1"},
  "getopt": {:hex, :getopt, "0.8.2"},
  "meck": {:git, "git://github.com/eproxus/meck.git", "dde759050eff19a1a80fd854d7375174b191665d", [tag: "0.8.2"]},
  "mustache": {:git, "https://github.com/soranoba/mustache.git", "e5401042c66039eef20ee81abc1537ced1f22bc7", [tag: "v0.3.0"]},
  "neotoma": {:git, "git://github.com/seancribbs/neotoma.git", "6c4a6009d3f34da2ec42c4f3585dae0abbb49dfc", []},
  "providers": {:hex, :providers, "1.4.1"},
  "rebar_vsn_plugin": {:git, "https://github.com/erlware/rebar_vsn_plugin.git", "fd40c960c7912193631d948fe962e1162a8d1334", [branch: "master"]},
  "reloader": {:git, "git://github.com/sile/reloader.git", "ab13271c015f73a52ab5d01d989f5ea110c272d8", [branch: "master"]},
  "relx": {:hex, :relx, "2.1.1"}}
